// !$*UTF8*$!
{
	archiveVersion = 1;
	classes = {
	};
	objectVersion = 51;
	objects = {

/* Begin PBXBuildFile section */
		7B32EE8123C44BDD00AF6AA5 /* AccountViewController.swift in Sources */ = {isa = PBXBuildFile; fileRef = 7B32EE8023C44BDD00AF6AA5 /* AccountViewController.swift */; };
		7B32EE8323D03BFC00AF6AA5 /* EditIconViewController.swift in Sources */ = {isa = PBXBuildFile; fileRef = 7B32EE8223D03BFC00AF6AA5 /* EditIconViewController.swift */; };
		7B32EE8523D18A4F00AF6AA5 /* IndexButton.swift in Sources */ = {isa = PBXBuildFile; fileRef = 7B32EE8423D18A4F00AF6AA5 /* IndexButton.swift */; };
		7B69E89323D1928A005072BF /* IndexButton2.swift in Sources */ = {isa = PBXBuildFile; fileRef = 7B69E89223D1928A005072BF /* IndexButton2.swift */; };
		7BB360D723AB58C900C65D34 /* AppDelegate.swift in Sources */ = {isa = PBXBuildFile; fileRef = 7BB360D623AB58C900C65D34 /* AppDelegate.swift */; };
		7BB360D923AB58C900C65D34 /* SceneDelegate.swift in Sources */ = {isa = PBXBuildFile; fileRef = 7BB360D823AB58C900C65D34 /* SceneDelegate.swift */; };
		7BB360DE23AB58C900C65D34 /* Main.storyboard in Resources */ = {isa = PBXBuildFile; fileRef = 7BB360DC23AB58C900C65D34 /* Main.storyboard */; };
		7BB360E023AB58CB00C65D34 /* Assets.xcassets in Resources */ = {isa = PBXBuildFile; fileRef = 7BB360DF23AB58CB00C65D34 /* Assets.xcassets */; };
		7BB360E323AB58CB00C65D34 /* LaunchScreen.storyboard in Resources */ = {isa = PBXBuildFile; fileRef = 7BB360E123AB58CB00C65D34 /* LaunchScreen.storyboard */; };
		7BB360EB23AB596900C65D34 /* GoogleService-Info.plist in Resources */ = {isa = PBXBuildFile; fileRef = 7BB360EA23AB596900C65D34 /* GoogleService-Info.plist */; };
		7BB360EE23AC96BC00C65D34 /* HomeViewController.swift in Sources */ = {isa = PBXBuildFile; fileRef = 7BB360ED23AC96BC00C65D34 /* HomeViewController.swift */; };
		7BB360F223AC971500C65D34 /* MyPageViewController.swift in Sources */ = {isa = PBXBuildFile; fileRef = 7BB360F123AC971500C65D34 /* MyPageViewController.swift */; };
		7BB360F523AC9ED100C65D34 /* Post.swift in Sources */ = {isa = PBXBuildFile; fileRef = 7BB360F423AC9ED100C65D34 /* Post.swift */; };
		D97BB92978A911F88999F98D /* Pods_LaybearProject.framework in Frameworks */ = {isa = PBXBuildFile; fileRef = 773E05CFD43CECC9F7D41086 /* Pods_LaybearProject.framework */; };
/* End PBXBuildFile section */

/* Begin PBXFileReference section */
		773E05CFD43CECC9F7D41086 /* Pods_LaybearProject.framework */ = {isa = PBXFileReference; explicitFileType = wrapper.framework; includeInIndex = 0; path = Pods_LaybearProject.framework; sourceTree = BUILT_PRODUCTS_DIR; };
		7B32EE8023C44BDD00AF6AA5 /* AccountViewController.swift */ = {isa = PBXFileReference; lastKnownFileType = sourcecode.swift; path = AccountViewController.swift; sourceTree = "<group>"; };
		7B32EE8223D03BFC00AF6AA5 /* EditIconViewController.swift */ = {isa = PBXFileReference; lastKnownFileType = sourcecode.swift; path = EditIconViewController.swift; sourceTree = "<group>"; };
		7B32EE8423D18A4F00AF6AA5 /* IndexButton.swift */ = {isa = PBXFileReference; lastKnownFileType = sourcecode.swift; path = IndexButton.swift; sourceTree = "<group>"; };
		7B69E89223D1928A005072BF /* IndexButton2.swift */ = {isa = PBXFileReference; lastKnownFileType = sourcecode.swift; path = IndexButton2.swift; sourceTree = "<group>"; };
		7BB360D323AB58C900C65D34 /* LaybearProject.app */ = {isa = PBXFileReference; explicitFileType = wrapper.application; includeInIndex = 0; path = LaybearProject.app; sourceTree = BUILT_PRODUCTS_DIR; };
		7BB360D623AB58C900C65D34 /* AppDelegate.swift */ = {isa = PBXFileReference; lastKnownFileType = sourcecode.swift; path = AppDelegate.swift; sourceTree = "<group>"; };
		7BB360D823AB58C900C65D34 /* SceneDelegate.swift */ = {isa = PBXFileReference; lastKnownFileType = sourcecode.swift; path = SceneDelegate.swift; sourceTree = "<group>"; };
		7BB360DD23AB58C900C65D34 /* Base */ = {isa = PBXFileReference; lastKnownFileType = file.storyboard; name = Base; path = Base.lproj/Main.storyboard; sourceTree = "<group>"; };
		7BB360DF23AB58CB00C65D34 /* Assets.xcassets */ = {isa = PBXFileReference; lastKnownFileType = folder.assetcatalog; path = Assets.xcassets; sourceTree = "<group>"; };
		7BB360E223AB58CB00C65D34 /* Base */ = {isa = PBXFileReference; lastKnownFileType = file.storyboard; name = Base; path = Base.lproj/LaunchScreen.storyboard; sourceTree = "<group>"; };
		7BB360E423AB58CB00C65D34 /* Info.plist */ = {isa = PBXFileReference; lastKnownFileType = text.plist.xml; path = Info.plist; sourceTree = "<group>"; };
		7BB360EA23AB596900C65D34 /* GoogleService-Info.plist */ = {isa = PBXFileReference; fileEncoding = 4; lastKnownFileType = text.plist.xml; path = "GoogleService-Info.plist"; sourceTree = "<group>"; };
		7BB360ED23AC96BC00C65D34 /* HomeViewController.swift */ = {isa = PBXFileReference; lastKnownFileType = sourcecode.swift; path = HomeViewController.swift; sourceTree = "<group>"; };
		7BB360F123AC971500C65D34 /* MyPageViewController.swift */ = {isa = PBXFileReference; lastKnownFileType = sourcecode.swift; path = MyPageViewController.swift; sourceTree = "<group>"; };
		7BB360F423AC9ED100C65D34 /* Post.swift */ = {isa = PBXFileReference; lastKnownFileType = sourcecode.swift; path = Post.swift; sourceTree = "<group>"; };
		7DF3634D5FD69F24C446667B /* Pods-LaybearProject.release.xcconfig */ = {isa = PBXFileReference; includeInIndex = 1; lastKnownFileType = text.xcconfig; name = "Pods-LaybearProject.release.xcconfig"; path = "Target Support Files/Pods-LaybearProject/Pods-LaybearProject.release.xcconfig"; sourceTree = "<group>"; };
		D20E27B2224B14EED2B2FD44 /* Pods-LaybearProject.debug.xcconfig */ = {isa = PBXFileReference; includeInIndex = 1; lastKnownFileType = text.xcconfig; name = "Pods-LaybearProject.debug.xcconfig"; path = "Target Support Files/Pods-LaybearProject/Pods-LaybearProject.debug.xcconfig"; sourceTree = "<group>"; };
/* End PBXFileReference section */

/* Begin PBXFrameworksBuildPhase section */
		7BB360D023AB58C900C65D34 /* Frameworks */ = {
			isa = PBXFrameworksBuildPhase;
			buildActionMask = 2147483647;
			files = (
				D97BB92978A911F88999F98D /* Pods_LaybearProject.framework in Frameworks */,
			);
			runOnlyForDeploymentPostprocessing = 0;
		};
/* End PBXFrameworksBuildPhase section */

/* Begin PBXGroup section */
		75B9CAA5E8656DDA3964B2E3 /* Frameworks */ = {
			isa = PBXGroup;
			children = (
				773E05CFD43CECC9F7D41086 /* Pods_LaybearProject.framework */,
			);
			name = Frameworks;
			sourceTree = "<group>";
		};
		7BB360CA23AB58C900C65D34 = {
			isa = PBXGroup;
			children = (
				7BB360D523AB58C900C65D34 /* LaybearProject */,
				7BB360D423AB58C900C65D34 /* Products */,
				F58990E0A0539EFC64BDC8B1 /* Pods */,
				75B9CAA5E8656DDA3964B2E3 /* Frameworks */,
			);
			sourceTree = "<group>";
		};
		7BB360D423AB58C900C65D34 /* Products */ = {
			isa = PBXGroup;
			children = (
				7BB360D323AB58C900C65D34 /* LaybearProject.app */,
			);
			name = Products;
			sourceTree = "<group>";
		};
		7BB360D523AB58C900C65D34 /* LaybearProject */ = {
			isa = PBXGroup;
			children = (
				7BB360F323AC9E2300C65D34 /* Objects */,
				7BB360EC23AC969F00C65D34 /* Controller */,
				7BB360D623AB58C900C65D34 /* AppDelegate.swift */,
				7BB360D823AB58C900C65D34 /* SceneDelegate.swift */,
				7BB360DC23AB58C900C65D34 /* Main.storyboard */,
				7BB360DF23AB58CB00C65D34 /* Assets.xcassets */,
				7BB360E123AB58CB00C65D34 /* LaunchScreen.storyboard */,
				7BB360E423AB58CB00C65D34 /* Info.plist */,
				7BB360EA23AB596900C65D34 /* GoogleService-Info.plist */,
				7B32EE8423D18A4F00AF6AA5 /* IndexButton.swift */,
				7B69E89223D1928A005072BF /* IndexButton2.swift */,
			);
			path = LaybearProject;
			sourceTree = "<group>";
		};
		7BB360EC23AC969F00C65D34 /* Controller */ = {
			isa = PBXGroup;
			children = (
				7BB360ED23AC96BC00C65D34 /* HomeViewController.swift */,
				7BB360F123AC971500C65D34 /* MyPageViewController.swift */,
				7B32EE8023C44BDD00AF6AA5 /* AccountViewController.swift */,
				7B32EE8223D03BFC00AF6AA5 /* EditIconViewController.swift */,
			);
			path = Controller;
			sourceTree = "<group>";
		};
		7BB360F323AC9E2300C65D34 /* Objects */ = {
			isa = PBXGroup;
			children = (
				7BB360F423AC9ED100C65D34 /* Post.swift */,
			);
			path = Objects;
			sourceTree = "<group>";
		};
		F58990E0A0539EFC64BDC8B1 /* Pods */ = {
			isa = PBXGroup;
			children = (
				D20E27B2224B14EED2B2FD44 /* Pods-LaybearProject.debug.xcconfig */,
				7DF3634D5FD69F24C446667B /* Pods-LaybearProject.release.xcconfig */,
			);
			path = Pods;
			sourceTree = "<group>";
		};
/* End PBXGroup section */

/* Begin PBXNativeTarget section */
		7BB360D223AB58C900C65D34 /* LaybearProject */ = {
			isa = PBXNativeTarget;
			buildConfigurationList = 7BB360E723AB58CB00C65D34 /* Build configuration list for PBXNativeTarget "LaybearProject" */;
			buildPhases = (
				AF0E878D72649A2BB1B13B8D /* [CP] Check Pods Manifest.lock */,
				7BB360CF23AB58C900C65D34 /* Sources */,
				7BB360D023AB58C900C65D34 /* Frameworks */,
				7BB360D123AB58C900C65D34 /* Resources */,
				BA445DE21F5BE9BB4D428A73 /* [CP] Embed Pods Frameworks */,
			);
			buildRules = (
			);
			dependencies = (
			);
			name = LaybearProject;
			productName = LaybearProject;
			productReference = 7BB360D323AB58C900C65D34 /* LaybearProject.app */;
			productType = "com.apple.product-type.application";
		};
/* End PBXNativeTarget section */

/* Begin PBXProject section */
		7BB360CB23AB58C900C65D34 /* Project object */ = {
			isa = PBXProject;
			attributes = {
				LastSwiftUpdateCheck = 1110;
				LastUpgradeCheck = 1110;
				ORGANIZATIONNAME = Mizuki;
				TargetAttributes = {
					7BB360D223AB58C900C65D34 = {
						CreatedOnToolsVersion = 11.1;
					};
				};
			};
			buildConfigurationList = 7BB360CE23AB58C900C65D34 /* Build configuration list for PBXProject "LaybearProject" */;
			compatibilityVersion = "Xcode 9.3";
			developmentRegion = en;
			hasScannedForEncodings = 0;
			knownRegions = (
				en,
				Base,
			);
			mainGroup = 7BB360CA23AB58C900C65D34;
			productRefGroup = 7BB360D423AB58C900C65D34 /* Products */;
			projectDirPath = "";
			projectRoot = "";
			targets = (
				7BB360D223AB58C900C65D34 /* LaybearProject */,
			);
		};
/* End PBXProject section */

/* Begin PBXResourcesBuildPhase section */
		7BB360D123AB58C900C65D34 /* Resources */ = {
			isa = PBXResourcesBuildPhase;
			buildActionMask = 2147483647;
			files = (
				7BB360E323AB58CB00C65D34 /* LaunchScreen.storyboard in Resources */,
				7BB360E023AB58CB00C65D34 /* Assets.xcassets in Resources */,
				7BB360EB23AB596900C65D34 /* GoogleService-Info.plist in Resources */,
				7BB360DE23AB58C900C65D34 /* Main.storyboard in Resources */,
			);
			runOnlyForDeploymentPostprocessing = 0;
		};
/* End PBXResourcesBuildPhase section */

/* Begin PBXShellScriptBuildPhase section */
		AF0E878D72649A2BB1B13B8D /* [CP] Check Pods Manifest.lock */ = {
			isa = PBXShellScriptBuildPhase;
			buildActionMask = 2147483647;
			files = (
			);
			inputFileListPaths = (
			);
			inputPaths = (
				"${PODS_PODFILE_DIR_PATH}/Podfile.lock",
				"${PODS_ROOT}/Manifest.lock",
			);
			name = "[CP] Check Pods Manifest.lock";
			outputFileListPaths = (
			);
			outputPaths = (
				"$(DERIVED_FILE_DIR)/Pods-LaybearProject-checkManifestLockResult.txt",
			);
			runOnlyForDeploymentPostprocessing = 0;
			shellPath = /bin/sh;
			shellScript = "diff \"${PODS_PODFILE_DIR_PATH}/Podfile.lock\" \"${PODS_ROOT}/Manifest.lock\" > /dev/null\nif [ $? != 0 ] ; then\n    # print error to STDERR\n    echo \"error: The sandbox is not in sync with the Podfile.lock. Run 'pod install' or update your CocoaPods installation.\" >&2\n    exit 1\nfi\n# This output is used by Xcode 'outputs' to avoid re-running this script phase.\necho \"SUCCESS\" > \"${SCRIPT_OUTPUT_FILE_0}\"\n";
			showEnvVarsInLog = 0;
		};
		BA445DE21F5BE9BB4D428A73 /* [CP] Embed Pods Frameworks */ = {
			isa = PBXShellScriptBuildPhase;
			buildActionMask = 2147483647;
			files = (
			);
			inputFileListPaths = (
				"${PODS_ROOT}/Target Support Files/Pods-LaybearProject/Pods-LaybearProject-frameworks-${CONFIGURATION}-input-files.xcfilelist",
			);
			name = "[CP] Embed Pods Frameworks";
			outputFileListPaths = (
				"${PODS_ROOT}/Target Support Files/Pods-LaybearProject/Pods-LaybearProject-frameworks-${CONFIGURATION}-output-files.xcfilelist",
			);
			runOnlyForDeploymentPostprocessing = 0;
			shellPath = /bin/sh;
			shellScript = "\"${PODS_ROOT}/Target Support Files/Pods-LaybearProject/Pods-LaybearProject-frameworks.sh\"\n";
			showEnvVarsInLog = 0;
		};
/* End PBXShellScriptBuildPhase section */

/* Begin PBXSourcesBuildPhase section */
		7BB360CF23AB58C900C65D34 /* Sources */ = {
			isa = PBXSourcesBuildPhase;
			buildActionMask = 2147483647;
			files = (
				7B32EE8523D18A4F00AF6AA5 /* IndexButton.swift in Sources */,
				7BB360F223AC971500C65D34 /* MyPageViewController.swift in Sources */,
				7BB360D723AB58C900C65D34 /* AppDelegate.swift in Sources */,
				7B32EE8123C44BDD00AF6AA5 /* AccountViewController.swift in Sources */,
				7BB360F523AC9ED100C65D34 /* Post.swift in Sources */,
				7BB360D923AB58C900C65D34 /* SceneDelegate.swift in Sources */,
				7BB360EE23AC96BC00C65D34 /* HomeViewController.swift in Sources */,
				7B32EE8323D03BFC00AF6AA5 /* EditIconViewController.swift in Sources */,
				7B69E89323D1928A005072BF /* IndexButton2.swift in Sources */,
			);
			runOnlyForDeploymentPostprocessing = 0;
		};
/* End PBXSourcesBuildPhase section */

/* Begin PBXVariantGroup section */
		7BB360DC23AB58C900C65D34 /* Main.storyboard */ = {
			isa = PBXVariantGroup;
			children = (
				7BB360DD23AB58C900C65D34 /* Base */,
			);
			name = Main.storyboard;
			sourceTree = "<group>";
		};
		7BB360E123AB58CB00C65D34 /* LaunchScreen.storyboard */ = {
			isa = PBXVariantGroup;
			children = (
				7BB360E223AB58CB00C65D34 /* Base */,
			);
			name = LaunchScreen.storyboard;
			sourceTree = "<group>";
		};
/* End PBXVariantGroup section */

/* Begin XCBuildConfiguration section */
		7BB360E523AB58CB00C65D34 /* Debug */ = {
			isa = XCBuildConfiguration;
			buildSettings = {
				ALWAYS_SEARCH_USER_PATHS = NO;
				CLANG_ANALYZER_NONNULL = YES;
				CLANG_ANALYZER_NUMBER_OBJECT_CONVERSION = YES_AGGRESSIVE;
				CLANG_CXX_LANGUAGE_STANDARD = "gnu++14";
				CLANG_CXX_LIBRARY = "libc++";
				CLANG_ENABLE_MODULES = YES;
				CLANG_ENABLE_OBJC_ARC = YES;
				CLANG_ENABLE_OBJC_WEAK = YES;
				CLANG_WARN_BLOCK_CAPTURE_AUTORELEASING = YES;
				CLANG_WARN_BOOL_CONVERSION = YES;
				CLANG_WARN_COMMA = YES;
				CLANG_WARN_CONSTANT_CONVERSION = YES;
				CLANG_WARN_DEPRECATED_OBJC_IMPLEMENTATIONS = YES;
				CLANG_WARN_DIRECT_OBJC_ISA_USAGE = YES_ERROR;
				CLANG_WARN_DOCUMENTATION_COMMENTS = YES;
				CLANG_WARN_EMPTY_BODY = YES;
				CLANG_WARN_ENUM_CONVERSION = YES;
				CLANG_WARN_INFINITE_RECURSION = YES;
				CLANG_WARN_INT_CONVERSION = YES;
				CLANG_WARN_NON_LITERAL_NULL_CONVERSION = YES;
				CLANG_WARN_OBJC_IMPLICIT_RETAIN_SELF = YES;
				CLANG_WARN_OBJC_LITERAL_CONVERSION = YES;
				CLANG_WARN_OBJC_ROOT_CLASS = YES_ERROR;
				CLANG_WARN_RANGE_LOOP_ANALYSIS = YES;
				CLANG_WARN_STRICT_PROTOTYPES = YES;
				CLANG_WARN_SUSPICIOUS_MOVE = YES;
				CLANG_WARN_UNGUARDED_AVAILABILITY = YES_AGGRESSIVE;
				CLANG_WARN_UNREACHABLE_CODE = YES;
				CLANG_WARN__DUPLICATE_METHOD_MATCH = YES;
				COPY_PHASE_STRIP = NO;
				DEBUG_INFORMATION_FORMAT = dwarf;
				ENABLE_STRICT_OBJC_MSGSEND = YES;
				ENABLE_TESTABILITY = YES;
				GCC_C_LANGUAGE_STANDARD = gnu11;
				GCC_DYNAMIC_NO_PIC = NO;
				GCC_NO_COMMON_BLOCKS = YES;
				GCC_OPTIMIZATION_LEVEL = 0;
				GCC_PREPROCESSOR_DEFINITIONS = (
					"DEBUG=1",
					"$(inherited)",
				);
				GCC_WARN_64_TO_32_BIT_CONVERSION = YES;
				GCC_WARN_ABOUT_RETURN_TYPE = YES_ERROR;
				GCC_WARN_UNDECLARED_SELECTOR = YES;
				GCC_WARN_UNINITIALIZED_AUTOS = YES_AGGRESSIVE;
				GCC_WARN_UNUSED_FUNCTION = YES;
				GCC_WARN_UNUSED_VARIABLE = YES;
				IPHONEOS_DEPLOYMENT_TARGET = 13.1;
				MTL_ENABLE_DEBUG_INFO = INCLUDE_SOURCE;
				MTL_FAST_MATH = YES;
				ONLY_ACTIVE_ARCH = YES;
				SDKROOT = iphoneos;
				SWIFT_ACTIVE_COMPILATION_CONDITIONS = DEBUG;
				SWIFT_OPTIMIZATION_LEVEL = "-Onone";
			};
			name = Debug;
		};
		7BB360E623AB58CB00C65D34 /* Release */ = {
			isa = XCBuildConfiguration;
			buildSettings = {
				ALWAYS_SEARCH_USER_PATHS = NO;
				CLANG_ANALYZER_NONNULL = YES;
				CLANG_ANALYZER_NUMBER_OBJECT_CONVERSION = YES_AGGRESSIVE;
				CLANG_CXX_LANGUAGE_STANDARD = "gnu++14";
				CLANG_CXX_LIBRARY = "libc++";
				CLANG_ENABLE_MODULES = YES;
				CLANG_ENABLE_OBJC_ARC = YES;
				CLANG_ENABLE_OBJC_WEAK = YES;
				CLANG_WARN_BLOCK_CAPTURE_AUTORELEASING = YES;
				CLANG_WARN_BOOL_CONVERSION = YES;
				CLANG_WARN_COMMA = YES;
				CLANG_WARN_CONSTANT_CONVERSION = YES;
				CLANG_WARN_DEPRECATED_OBJC_IMPLEMENTATIONS = YES;
				CLANG_WARN_DIRECT_OBJC_ISA_USAGE = YES_ERROR;
				CLANG_WARN_DOCUMENTATION_COMMENTS = YES;
				CLANG_WARN_EMPTY_BODY = YES;
				CLANG_WARN_ENUM_CONVERSION = YES;
				CLANG_WARN_INFINITE_RECURSION = YES;
				CLANG_WARN_INT_CONVERSION = YES;
				CLANG_WARN_NON_LITERAL_NULL_CONVERSION = YES;
				CLANG_WARN_OBJC_IMPLICIT_RETAIN_SELF = YES;
				CLANG_WARN_OBJC_LITERAL_CONVERSION = YES;
				CLANG_WARN_OBJC_ROOT_CLASS = YES_ERROR;
				CLANG_WARN_RANGE_LOOP_ANALYSIS = YES;
				CLANG_WARN_STRICT_PROTOTYPES = YES;
				CLANG_WARN_SUSPICIOUS_MOVE = YES;
				CLANG_WARN_UNGUARDED_AVAILABILITY = YES_AGGRESSIVE;
				CLANG_WARN_UNREACHABLE_CODE = YES;
				CLANG_WARN__DUPLICATE_METHOD_MATCH = YES;
				COPY_PHASE_STRIP = NO;
				DEBUG_INFORMATION_FORMAT = "dwarf-with-dsym";
				ENABLE_NS_ASSERTIONS = NO;
				ENABLE_STRICT_OBJC_MSGSEND = YES;
				GCC_C_LANGUAGE_STANDARD = gnu11;
				GCC_NO_COMMON_BLOCKS = YES;
				GCC_WARN_64_TO_32_BIT_CONVERSION = YES;
				GCC_WARN_ABOUT_RETURN_TYPE = YES_ERROR;
				GCC_WARN_UNDECLARED_SELECTOR = YES;
				GCC_WARN_UNINITIALIZED_AUTOS = YES_AGGRESSIVE;
				GCC_WARN_UNUSED_FUNCTION = YES;
				GCC_WARN_UNUSED_VARIABLE = YES;
				IPHONEOS_DEPLOYMENT_TARGET = 13.1;
				MTL_ENABLE_DEBUG_INFO = NO;
				MTL_FAST_MATH = YES;
				SDKROOT = iphoneos;
				SWIFT_COMPILATION_MODE = wholemodule;
				SWIFT_OPTIMIZATION_LEVEL = "-O";
				VALIDATE_PRODUCT = YES;
			};
			name = Release;
		};
		7BB360E823AB58CB00C65D34 /* Debug */ = {
			isa = XCBuildConfiguration;
			baseConfigurationReference = D20E27B2224B14EED2B2FD44 /* Pods-LaybearProject.debug.xcconfig */;
			buildSettings = {
				ASSETCATALOG_COMPILER_APPICON_NAME = AppIcon;
				CODE_SIGN_STYLE = Automatic;
				INFOPLIST_FILE = LaybearProject/Info.plist;
				LD_RUNPATH_SEARCH_PATHS = (
					"$(inherited)",
					"@executable_path/Frameworks",
				);
				PRODUCT_BUNDLE_IDENTIFIER = com.example.LaybearProject;
				PRODUCT_NAME = "$(TARGET_NAME)";
				SWIFT_VERSION = 5.0;
				TARGETED_DEVICE_FAMILY = "1,2";
			};
			name = Debug;
		};
		7BB360E923AB58CB00C65D34 /* Release */ = {
			isa = XCBuildConfiguration;
			baseConfigurationReference = 7DF3634D5FD69F24C446667B /* Pods-LaybearProject.release.xcconfig */;
			buildSettings = {
				ASSETCATALOG_COMPILER_APPICON_NAME = AppIcon;
				CODE_SIGN_STYLE = Automatic;
				INFOPLIST_FILE = LaybearProject/Info.plist;
				LD_RUNPATH_SEARCH_PATHS = (
					"$(inherited)",
					"@executable_path/Frameworks",
				);
				PRODUCT_BUNDLE_IDENTIFIER = com.example.LaybearProject;
				PRODUCT_NAME = "$(TARGET_NAME)";
				SWIFT_VERSION = 5.0;
				TARGETED_DEVICE_FAMILY = "1,2";
			};
			name = Release;
		};
/* End XCBuildConfiguration section */

/* Begin XCConfigurationList section */
		7BB360CE23AB58C900C65D34 /* Build configuration list for PBXProject "LaybearProject" */ = {
			isa = XCConfigurationList;
			buildConfigurations = (
				7BB360E523AB58CB00C65D34 /* Debug */,
				7BB360E623AB58CB00C65D34 /* Release */,
			);
			defaultConfigurationIsVisible = 0;
			defaultConfigurationName = Release;
		};
		7BB360E723AB58CB00C65D34 /* Build configuration list for PBXNativeTarget "LaybearProject" */ = {
			isa = XCConfigurationList;
			buildConfigurations = (
				7BB360E823AB58CB00C65D34 /* Debug */,
				7BB360E923AB58CB00C65D34 /* Release */,
			);
			defaultConfigurationIsVisible = 0;
			defaultConfigurationName = Release;
		};
/* End XCConfigurationList section */
	};
	rootObject = 7BB360CB23AB58C900C65D34 /* Project object */;
}
